
Microsoft Visual Studio Solution File, Format Version 12.00
# Visual Studio Version 16
VisualStudioVersion = 16.0.35425.106
MinimumVisualStudioVersion = 10.0.40219.1
Project("{FAE04EC0-301F-11D3-BF4B-00C04F79EFBC}") = "MVCEntityFramework", "MVCEntityFramework\MVCEntityFramework.csproj", "{59BB6291-798E-44A4-8DE5-13DDF46B2CC8}"
EndProject
Global
	GlobalSection(SolutionConfigurationPlatforms) = preSolution
		Debug|Any CPU = Debug|Any CPU
		Release|Any CPU = Release|Any CPU
	EndGlobalSection
	GlobalSection(ProjectConfigurationPlatforms) = postSolution
		{59BB6291-798E-44A4-8DE5-13DDF46B2CC8}.Debug|Any CPU.ActiveCfg = Debug|Any CPU
		{59BB6291-798E-44A4-8DE5-13DDF46B2CC8}.Debug|Any CPU.Build.0 = Debug|Any CPU
		{59BB6291-798E-44A4-8DE5-13DDF46B2CC8}.Release|Any CPU.ActiveCfg = Release|Any CPU
		{59BB6291-798E-44A4-8DE5-13DDF46B2CC8}.Release|Any CPU.Build.0 = Release|Any CPU
	EndGlobalSection
	GlobalSection(SolutionProperties) = preSolution
		HideSolutionNode = FALSE
	EndGlobalSection
	GlobalSection(ExtensibilityGlobals) = postSolution
		SolutionGuid = {E539AB63-1379-4576-9064-170DCE8E7F83}
	EndGlobalSection
EndGlobal
