
Microsoft Visual Studio Solution File, Format Version 12.00
# Visual Studio Version 16
VisualStudioVersion = 16.0.35826.135
MinimumVisualStudioVersion = 10.0.40219.1
Project("{FAE04EC0-301F-11D3-BF4B-00C04F79EFBC}") = "Prac 3", "Prac 3\Prac 3.csproj", "{8E133AFC-E195-416F-8B7D-35914816ED24}"
EndProject
Global
	GlobalSection(SolutionConfigurationPlatforms) = preSolution
		Debug|Any CPU = Debug|Any CPU
		Release|Any CPU = Release|Any CPU
	EndGlobalSection
	GlobalSection(ProjectConfigurationPlatforms) = postSolution
		{8E133AFC-E195-416F-8B7D-35914816ED24}.Debug|Any CPU.ActiveCfg = Debug|Any CPU
		{8E133AFC-E195-416F-8B7D-35914816ED24}.Debug|Any CPU.Build.0 = Debug|Any CPU
		{8E133AFC-E195-416F-8B7D-35914816ED24}.Release|Any CPU.ActiveCfg = Release|Any CPU
		{8E133AFC-E195-416F-8B7D-35914816ED24}.Release|Any CPU.Build.0 = Release|Any CPU
	EndGlobalSection
	GlobalSection(SolutionProperties) = preSolution
		HideSolutionNode = FALSE
	EndGlobalSection
	GlobalSection(ExtensibilityGlobals) = postSolution
		SolutionGuid = {1A8F10E1-92AC-47DC-A278-145BFE68A106}
	EndGlobalSection
EndGlobal
