
Microsoft Visual Studio Solution File, Format Version 12.00
# Visual Studio Version 16
VisualStudioVersion = 16.0.35425.106
MinimumVisualStudioVersion = 10.0.40219.1
Project("{FAE04EC0-301F-11D3-BF4B-00C04F79EFBC}") = "disConArch", "disConArch\disConArch.csproj", "{B42CCAFA-90AE-4095-88B7-2879234BBC2C}"
EndProject
Global
	GlobalSection(SolutionConfigurationPlatforms) = preSolution
		Debug|Any CPU = Debug|Any CPU
		Release|Any CPU = Release|Any CPU
	EndGlobalSection
	GlobalSection(ProjectConfigurationPlatforms) = postSolution
		{B42CCAFA-90AE-4095-88B7-2879234BBC2C}.Debug|Any CPU.ActiveCfg = Debug|Any CPU
		{B42CCAFA-90AE-4095-88B7-2879234BBC2C}.Debug|Any CPU.Build.0 = Debug|Any CPU
		{B42CCAFA-90AE-4095-88B7-2879234BBC2C}.Release|Any CPU.ActiveCfg = Release|Any CPU
		{B42CCAFA-90AE-4095-88B7-2879234BBC2C}.Release|Any CPU.Build.0 = Release|Any CPU
	EndGlobalSection
	GlobalSection(SolutionProperties) = preSolution
		HideSolutionNode = FALSE
	EndGlobalSection
	GlobalSection(ExtensibilityGlobals) = postSolution
		SolutionGuid = {D36F7FA7-C0A4-4962-8BDC-E6EA15963CC1}
	EndGlobalSection
EndGlobal
