
Microsoft Visual Studio Solution File, Format Version 12.00
# Visual Studio Version 16
VisualStudioVersion = 16.0.35425.106
MinimumVisualStudioVersion = 10.0.40219.1
Project("{FAE04EC0-301F-11D3-BF4B-00C04F79EFBC}") = "LinqDemo", "LinqDemo\LinqDemo.csproj", "{28B60A1E-424B-4687-9987-AE060C82DF4D}"
EndProject
Global
	GlobalSection(SolutionConfigurationPlatforms) = preSolution
		Debug|Any CPU = Debug|Any CPU
		Release|Any CPU = Release|Any CPU
	EndGlobalSection
	GlobalSection(ProjectConfigurationPlatforms) = postSolution
		{28B60A1E-424B-4687-9987-AE060C82DF4D}.Debug|Any CPU.ActiveCfg = Debug|Any CPU
		{28B60A1E-424B-4687-9987-AE060C82DF4D}.Debug|Any CPU.Build.0 = Debug|Any CPU
		{28B60A1E-424B-4687-9987-AE060C82DF4D}.Release|Any CPU.ActiveCfg = Release|Any CPU
		{28B60A1E-424B-4687-9987-AE060C82DF4D}.Release|Any CPU.Build.0 = Release|Any CPU
	EndGlobalSection
	GlobalSection(SolutionProperties) = preSolution
		HideSolutionNode = FALSE
	EndGlobalSection
	GlobalSection(ExtensibilityGlobals) = postSolution
		SolutionGuid = {5E5061E0-5197-4406-9A4F-F3B1654F6344}
	EndGlobalSection
EndGlobal
